// !$*UTF8*$!
{
	archiveVersion = 1;
	classes = {
	};
	objectVersion = 50;
	objects = {

/* Begin PBXBuildFile section */
		7E16ED3E239BBCEF005AE736 /* AppDelegate.swift in Sources */ = {isa = PBXBuildFile; fileRef = 7E16ED3D239BBCEF005AE736 /* AppDelegate.swift */; };
		7E16ED40239BBCEF005AE736 /* SceneDelegate.swift in Sources */ = {isa = PBXBuildFile; fileRef = 7E16ED3F239BBCEF005AE736 /* SceneDelegate.swift */; };
		7E16ED42239BBCEF005AE736 /* ViewController.swift in Sources */ = {isa = PBXBuildFile; fileRef = 7E16ED41239BBCEF005AE736 /* ViewController.swift */; };
		7E16ED45239BBCEF005AE736 /* Main.storyboard in Resources */ = {isa = PBXBuildFile; fileRef = 7E16ED43239BBCEF005AE736 /* Main.storyboard */; };
		7E16ED47239BBCF1005AE736 /* Assets.xcassets in Resources */ = {isa = PBXBuildFile; fileRef = 7E16ED46239BBCF1005AE736 /* Assets.xcassets */; };
		7E16ED4A239BBCF1005AE736 /* LaunchScreen.storyboard in Resources */ = {isa = PBXBuildFile; fileRef = 7E16ED48239BBCF1005AE736 /* LaunchScreen.storyboard */; };
		7E16ED53239BBE23005AE736 /* UrlFile.swift in Sources */ = {isa = PBXBuildFile; fileRef = 7E16ED52239BBE23005AE736 /* UrlFile.swift */; };
		7E16ED55239BBFF6005AE736 /* Apihandler.swift in Sources */ = {isa = PBXBuildFile; fileRef = 7E16ED54239BBFF6005AE736 /* Apihandler.swift */; };
		7E16ED58239BC23B005AE736 /* Utility.swift in Sources */ = {isa = PBXBuildFile; fileRef = 7E16ED57239BC23B005AE736 /* Utility.swift */; };
		7E16ED5B239BDC6F005AE736 /* Datahandler.swift in Sources */ = {isa = PBXBuildFile; fileRef = 7E16ED5A239BDC6F005AE736 /* Datahandler.swift */; };
		7E16ED5D239BDD0C005AE736 /* Constants.swift in Sources */ = {isa = PBXBuildFile; fileRef = 7E16ED5C239BDD0C005AE736 /* Constants.swift */; };
		7E16ED60239BDEC2005AE736 /* ClaimModel.swift in Sources */ = {isa = PBXBuildFile; fileRef = 7E16ED5F239BDEC2005AE736 /* ClaimModel.swift */; };
		7E16ED62239C2971005AE736 /* UserModel.swift in Sources */ = {isa = PBXBuildFile; fileRef = 7E16ED61239C2971005AE736 /* UserModel.swift */; };
		7E16ED65239C357A005AE736 /* ClaimViewController.swift in Sources */ = {isa = PBXBuildFile; fileRef = 7E16ED64239C357A005AE736 /* ClaimViewController.swift */; };
		7E16ED67239C3C43005AE736 /* ClaimCreatorViewController.swift in Sources */ = {isa = PBXBuildFile; fileRef = 7E16ED66239C3C43005AE736 /* ClaimCreatorViewController.swift */; };
		7E16ED69239C5FBC005AE736 /* ImageViewController.swift in Sources */ = {isa = PBXBuildFile; fileRef = 7E16ED68239C5FBC005AE736 /* ImageViewController.swift */; };
		7E16ED6B239C62D8005AE736 /* FlaskServerModel.swift in Sources */ = {isa = PBXBuildFile; fileRef = 7E16ED6A239C62D8005AE736 /* FlaskServerModel.swift */; };
/* End PBXBuildFile section */

/* Begin PBXFileReference section */
		7E16ED3A239BBCEF005AE736 /* GrabthonClientApp.app */ = {isa = PBXFileReference; explicitFileType = wrapper.application; includeInIndex = 0; path = GrabthonClientApp.app; sourceTree = BUILT_PRODUCTS_DIR; };
		7E16ED3D239BBCEF005AE736 /* AppDelegate.swift */ = {isa = PBXFileReference; lastKnownFileType = sourcecode.swift; path = AppDelegate.swift; sourceTree = "<group>"; };
		7E16ED3F239BBCEF005AE736 /* SceneDelegate.swift */ = {isa = PBXFileReference; lastKnownFileType = sourcecode.swift; path = SceneDelegate.swift; sourceTree = "<group>"; };
		7E16ED41239BBCEF005AE736 /* ViewController.swift */ = {isa = PBXFileReference; lastKnownFileType = sourcecode.swift; path = ViewController.swift; sourceTree = "<group>"; };
		7E16ED44239BBCEF005AE736 /* Base */ = {isa = PBXFileReference; lastKnownFileType = file.storyboard; name = Base; path = Base.lproj/Main.storyboard; sourceTree = "<group>"; };
		7E16ED46239BBCF1005AE736 /* Assets.xcassets */ = {isa = PBXFileReference; lastKnownFileType = folder.assetcatalog; path = Assets.xcassets; sourceTree = "<group>"; };
		7E16ED49239BBCF1005AE736 /* Base */ = {isa = PBXFileReference; lastKnownFileType = file.storyboard; name = Base; path = Base.lproj/LaunchScreen.storyboard; sourceTree = "<group>"; };
		7E16ED4B239BBCF1005AE736 /* Info.plist */ = {isa = PBXFileReference; lastKnownFileType = text.plist.xml; path = Info.plist; sourceTree = "<group>"; };
		7E16ED52239BBE23005AE736 /* UrlFile.swift */ = {isa = PBXFileReference; lastKnownFileType = sourcecode.swift; path = UrlFile.swift; sourceTree = "<group>"; };
		7E16ED54239BBFF6005AE736 /* Apihandler.swift */ = {isa = PBXFileReference; lastKnownFileType = sourcecode.swift; path = Apihandler.swift; sourceTree = "<group>"; };
		7E16ED57239BC23B005AE736 /* Utility.swift */ = {isa = PBXFileReference; lastKnownFileType = sourcecode.swift; path = Utility.swift; sourceTree = "<group>"; };
		7E16ED5A239BDC6F005AE736 /* Datahandler.swift */ = {isa = PBXFileReference; lastKnownFileType = sourcecode.swift; path = Datahandler.swift; sourceTree = "<group>"; };
		7E16ED5C239BDD0C005AE736 /* Constants.swift */ = {isa = PBXFileReference; lastKnownFileType = sourcecode.swift; path = Constants.swift; sourceTree = "<group>"; };
		7E16ED5F239BDEC2005AE736 /* ClaimModel.swift */ = {isa = PBXFileReference; lastKnownFileType = sourcecode.swift; path = ClaimModel.swift; sourceTree = "<group>"; };
		7E16ED61239C2971005AE736 /* UserModel.swift */ = {isa = PBXFileReference; lastKnownFileType = sourcecode.swift; path = UserModel.swift; sourceTree = "<group>"; };
		7E16ED64239C357A005AE736 /* ClaimViewController.swift */ = {isa = PBXFileReference; lastKnownFileType = sourcecode.swift; path = ClaimViewController.swift; sourceTree = "<group>"; };
		7E16ED66239C3C43005AE736 /* ClaimCreatorViewController.swift */ = {isa = PBXFileReference; lastKnownFileType = sourcecode.swift; path = ClaimCreatorViewController.swift; sourceTree = "<group>"; };
		7E16ED68239C5FBC005AE736 /* ImageViewController.swift */ = {isa = PBXFileReference; lastKnownFileType = sourcecode.swift; path = ImageViewController.swift; sourceTree = "<group>"; };
		7E16ED6A239C62D8005AE736 /* FlaskServerModel.swift */ = {isa = PBXFileReference; lastKnownFileType = sourcecode.swift; path = FlaskServerModel.swift; sourceTree = "<group>"; };
/* End PBXFileReference section */

/* Begin PBXFrameworksBuildPhase section */
		7E16ED37239BBCEF005AE736 /* Frameworks */ = {
			isa = PBXFrameworksBuildPhase;
			buildActionMask = 2147483647;
			files = (
			);
			runOnlyForDeploymentPostprocessing = 0;
		};
/* End PBXFrameworksBuildPhase section */

/* Begin PBXGroup section */
		7E16ED31239BBCEF005AE736 = {
			isa = PBXGroup;
			children = (
				7E16ED3C239BBCEF005AE736 /* GrabthonClientApp */,
				7E16ED3B239BBCEF005AE736 /* Products */,
			);
			sourceTree = "<group>";
		};
		7E16ED3B239BBCEF005AE736 /* Products */ = {
			isa = PBXGroup;
			children = (
				7E16ED3A239BBCEF005AE736 /* GrabthonClientApp.app */,
			);
			name = Products;
			sourceTree = "<group>";
		};
		7E16ED3C239BBCEF005AE736 /* GrabthonClientApp */ = {
			isa = PBXGroup;
			children = (
				7E16ED63239C3564005AE736 /* Contollers */,
				7E16ED5E239BDE93005AE736 /* Model */,
				7E16ED59239BDC58005AE736 /* DataHandler */,
				7E16ED56239BC226005AE736 /* Utility */,
				7E16ED51239BBDFE005AE736 /* NetworkLayer */,
				7E16ED3D239BBCEF005AE736 /* AppDelegate.swift */,
				7E16ED3F239BBCEF005AE736 /* SceneDelegate.swift */,
				7E16ED41239BBCEF005AE736 /* ViewController.swift */,
				7E16ED43239BBCEF005AE736 /* Main.storyboard */,
				7E16ED46239BBCF1005AE736 /* Assets.xcassets */,
				7E16ED48239BBCF1005AE736 /* LaunchScreen.storyboard */,
				7E16ED4B239BBCF1005AE736 /* Info.plist */,
			);
			path = GrabthonClientApp;
			sourceTree = "<group>";
		};
		7E16ED51239BBDFE005AE736 /* NetworkLayer */ = {
			isa = PBXGroup;
			children = (
				7E16ED52239BBE23005AE736 /* UrlFile.swift */,
				7E16ED54239BBFF6005AE736 /* Apihandler.swift */,
			);
			path = NetworkLayer;
			sourceTree = "<group>";
		};
		7E16ED56239BC226005AE736 /* Utility */ = {
			isa = PBXGroup;
			children = (
				7E16ED57239BC23B005AE736 /* Utility.swift */,
				7E16ED5C239BDD0C005AE736 /* Constants.swift */,
			);
			path = Utility;
			sourceTree = "<group>";
		};
		7E16ED59239BDC58005AE736 /* DataHandler */ = {
			isa = PBXGroup;
			children = (
				7E16ED5A239BDC6F005AE736 /* Datahandler.swift */,
			);
			path = DataHandler;
			sourceTree = "<group>";
		};
		7E16ED5E239BDE93005AE736 /* Model */ = {
			isa = PBXGroup;
			children = (
				7E16ED5F239BDEC2005AE736 /* ClaimModel.swift */,
				7E16ED61239C2971005AE736 /* UserModel.swift */,
				7E16ED6A239C62D8005AE736 /* FlaskServerModel.swift */,
			);
			path = Model;
			sourceTree = "<group>";
		};
		7E16ED63239C3564005AE736 /* Contollers */ = {
			isa = PBXGroup;
			children = (
				7E16ED64239C357A005AE736 /* ClaimViewController.swift */,
				7E16ED66239C3C43005AE736 /* ClaimCreatorViewController.swift */,
				7E16ED68239C5FBC005AE736 /* ImageViewController.swift */,
			);
			path = Contollers;
			sourceTree = "<group>";
		};
/* End PBXGroup section */

/* Begin PBXNativeTarget section */
		7E16ED39239BBCEF005AE736 /* GrabthonClientApp */ = {
			isa = PBXNativeTarget;
			buildConfigurationList = 7E16ED4E239BBCF1005AE736 /* Build configuration list for PBXNativeTarget "GrabthonClientApp" */;
			buildPhases = (
				7E16ED36239BBCEF005AE736 /* Sources */,
				7E16ED37239BBCEF005AE736 /* Frameworks */,
				7E16ED38239BBCEF005AE736 /* Resources */,
			);
			buildRules = (
			);
			dependencies = (
			);
			name = GrabthonClientApp;
			productName = GrabthonClientApp;
			productReference = 7E16ED3A239BBCEF005AE736 /* GrabthonClientApp.app */;
			productType = "com.apple.product-type.application";
		};
/* End PBXNativeTarget section */

/* Begin PBXProject section */
		7E16ED32239BBCEF005AE736 /* Project object */ = {
			isa = PBXProject;
			attributes = {
				LastSwiftUpdateCheck = 1110;
				LastUpgradeCheck = 1110;
				ORGANIZATIONNAME = Neeraj.Mishra;
				TargetAttributes = {
					7E16ED39239BBCEF005AE736 = {
						CreatedOnToolsVersion = 11.1;
					};
				};
			};
			buildConfigurationList = 7E16ED35239BBCEF005AE736 /* Build configuration list for PBXProject "GrabthonClientApp" */;
			compatibilityVersion = "Xcode 9.3";
			developmentRegion = en;
			hasScannedForEncodings = 0;
			knownRegions = (
				en,
				Base,
			);
			mainGroup = 7E16ED31239BBCEF005AE736;
			productRefGroup = 7E16ED3B239BBCEF005AE736 /* Products */;
			projectDirPath = "";
			projectRoot = "";
			targets = (
				7E16ED39239BBCEF005AE736 /* GrabthonClientApp */,
			);
		};
/* End PBXProject section */

/* Begin PBXResourcesBuildPhase section */
		7E16ED38239BBCEF005AE736 /* Resources */ = {
			isa = PBXResourcesBuildPhase;
			buildActionMask = 2147483647;
			files = (
				7E16ED4A239BBCF1005AE736 /* LaunchScreen.storyboard in Resources */,
				7E16ED47239BBCF1005AE736 /* Assets.xcassets in Resources */,
				7E16ED45239BBCEF005AE736 /* Main.storyboard in Resources */,
			);
			runOnlyForDeploymentPostprocessing = 0;
		};
/* End PBXResourcesBuildPhase section */

/* Begin PBXSourcesBuildPhase section */
		7E16ED36239BBCEF005AE736 /* Sources */ = {
			isa = PBXSourcesBuildPhase;
			buildActionMask = 2147483647;
			files = (
				7E16ED42239BBCEF005AE736 /* ViewController.swift in Sources */,
				7E16ED60239BDEC2005AE736 /* ClaimModel.swift in Sources */,
				7E16ED55239BBFF6005AE736 /* Apihandler.swift in Sources */,
				7E16ED58239BC23B005AE736 /* Utility.swift in Sources */,
				7E16ED3E239BBCEF005AE736 /* AppDelegate.swift in Sources */,
				7E16ED40239BBCEF005AE736 /* SceneDelegate.swift in Sources */,
				7E16ED69239C5FBC005AE736 /* ImageViewController.swift in Sources */,
				7E16ED5B239BDC6F005AE736 /* Datahandler.swift in Sources */,
				7E16ED6B239C62D8005AE736 /* FlaskServerModel.swift in Sources */,
				7E16ED53239BBE23005AE736 /* UrlFile.swift in Sources */,
				7E16ED67239C3C43005AE736 /* ClaimCreatorViewController.swift in Sources */,
				7E16ED62239C2971005AE736 /* UserModel.swift in Sources */,
				7E16ED65239C357A005AE736 /* ClaimViewController.swift in Sources */,
				7E16ED5D239BDD0C005AE736 /* Constants.swift in Sources */,
			);
			runOnlyForDeploymentPostprocessing = 0;
		};
/* End PBXSourcesBuildPhase section */

/* Begin PBXVariantGroup section */
		7E16ED43239BBCEF005AE736 /* Main.storyboard */ = {
			isa = PBXVariantGroup;
			children = (
				7E16ED44239BBCEF005AE736 /* Base */,
			);
			name = Main.storyboard;
			sourceTree = "<group>";
		};
		7E16ED48239BBCF1005AE736 /* LaunchScreen.storyboard */ = {
			isa = PBXVariantGroup;
			children = (
				7E16ED49239BBCF1005AE736 /* Base */,
			);
			name = LaunchScreen.storyboard;
			sourceTree = "<group>";
		};
/* End PBXVariantGroup section */

/* Begin XCBuildConfiguration section */
		7E16ED4C239BBCF1005AE736 /* Debug */ = {
			isa = XCBuildConfiguration;
			buildSettings = {
				ALWAYS_SEARCH_USER_PATHS = NO;
				CLANG_ANALYZER_NONNULL = YES;
				CLANG_ANALYZER_NUMBER_OBJECT_CONVERSION = YES_AGGRESSIVE;
				CLANG_CXX_LANGUAGE_STANDARD = "gnu++14";
				CLANG_CXX_LIBRARY = "libc++";
				CLANG_ENABLE_MODULES = YES;
				CLANG_ENABLE_OBJC_ARC = YES;
				CLANG_ENABLE_OBJC_WEAK = YES;
				CLANG_WARN_BLOCK_CAPTURE_AUTORELEASING = YES;
				CLANG_WARN_BOOL_CONVERSION = YES;
				CLANG_WARN_COMMA = YES;
				CLANG_WARN_CONSTANT_CONVERSION = YES;
				CLANG_WARN_DEPRECATED_OBJC_IMPLEMENTATIONS = YES;
				CLANG_WARN_DIRECT_OBJC_ISA_USAGE = YES_ERROR;
				CLANG_WARN_DOCUMENTATION_COMMENTS = YES;
				CLANG_WARN_EMPTY_BODY = YES;
				CLANG_WARN_ENUM_CONVERSION = YES;
				CLANG_WARN_INFINITE_RECURSION = YES;
				CLANG_WARN_INT_CONVERSION = YES;
				CLANG_WARN_NON_LITERAL_NULL_CONVERSION = YES;
				CLANG_WARN_OBJC_IMPLICIT_RETAIN_SELF = YES;
				CLANG_WARN_OBJC_LITERAL_CONVERSION = YES;
				CLANG_WARN_OBJC_ROOT_CLASS = YES_ERROR;
				CLANG_WARN_RANGE_LOOP_ANALYSIS = YES;
				CLANG_WARN_STRICT_PROTOTYPES = YES;
				CLANG_WARN_SUSPICIOUS_MOVE = YES;
				CLANG_WARN_UNGUARDED_AVAILABILITY = YES_AGGRESSIVE;
				CLANG_WARN_UNREACHABLE_CODE = YES;
				CLANG_WARN__DUPLICATE_METHOD_MATCH = YES;
				COPY_PHASE_STRIP = NO;
				DEBUG_INFORMATION_FORMAT = dwarf;
				ENABLE_STRICT_OBJC_MSGSEND = YES;
				ENABLE_TESTABILITY = YES;
				GCC_C_LANGUAGE_STANDARD = gnu11;
				GCC_DYNAMIC_NO_PIC = NO;
				GCC_NO_COMMON_BLOCKS = YES;
				GCC_OPTIMIZATION_LEVEL = 0;
				GCC_PREPROCESSOR_DEFINITIONS = (
					"DEBUG=1",
					"$(inherited)",
				);
				GCC_WARN_64_TO_32_BIT_CONVERSION = YES;
				GCC_WARN_ABOUT_RETURN_TYPE = YES_ERROR;
				GCC_WARN_UNDECLARED_SELECTOR = YES;
				GCC_WARN_UNINITIALIZED_AUTOS = YES_AGGRESSIVE;
				GCC_WARN_UNUSED_FUNCTION = YES;
				GCC_WARN_UNUSED_VARIABLE = YES;
				IPHONEOS_DEPLOYMENT_TARGET = 13.1;
				MTL_ENABLE_DEBUG_INFO = INCLUDE_SOURCE;
				MTL_FAST_MATH = YES;
				ONLY_ACTIVE_ARCH = YES;
				SDKROOT = iphoneos;
				SWIFT_ACTIVE_COMPILATION_CONDITIONS = DEBUG;
				SWIFT_OPTIMIZATION_LEVEL = "-Onone";
			};
			name = Debug;
		};
		7E16ED4D239BBCF1005AE736 /* Release */ = {
			isa = XCBuildConfiguration;
			buildSettings = {
				ALWAYS_SEARCH_USER_PATHS = NO;
				CLANG_ANALYZER_NONNULL = YES;
				CLANG_ANALYZER_NUMBER_OBJECT_CONVERSION = YES_AGGRESSIVE;
				CLANG_CXX_LANGUAGE_STANDARD = "gnu++14";
				CLANG_CXX_LIBRARY = "libc++";
				CLANG_ENABLE_MODULES = YES;
				CLANG_ENABLE_OBJC_ARC = YES;
				CLANG_ENABLE_OBJC_WEAK = YES;
				CLANG_WARN_BLOCK_CAPTURE_AUTORELEASING = YES;
				CLANG_WARN_BOOL_CONVERSION = YES;
				CLANG_WARN_COMMA = YES;
				CLANG_WARN_CONSTANT_CONVERSION = YES;
				CLANG_WARN_DEPRECATED_OBJC_IMPLEMENTATIONS = YES;
				CLANG_WARN_DIRECT_OBJC_ISA_USAGE = YES_ERROR;
				CLANG_WARN_DOCUMENTATION_COMMENTS = YES;
				CLANG_WARN_EMPTY_BODY = YES;
				CLANG_WARN_ENUM_CONVERSION = YES;
				CLANG_WARN_INFINITE_RECURSION = YES;
				CLANG_WARN_INT_CONVERSION = YES;
				CLANG_WARN_NON_LITERAL_NULL_CONVERSION = YES;
				CLANG_WARN_OBJC_IMPLICIT_RETAIN_SELF = YES;
				CLANG_WARN_OBJC_LITERAL_CONVERSION = YES;
				CLANG_WARN_OBJC_ROOT_CLASS = YES_ERROR;
				CLANG_WARN_RANGE_LOOP_ANALYSIS = YES;
				CLANG_WARN_STRICT_PROTOTYPES = YES;
				CLANG_WARN_SUSPICIOUS_MOVE = YES;
				CLANG_WARN_UNGUARDED_AVAILABILITY = YES_AGGRESSIVE;
				CLANG_WARN_UNREACHABLE_CODE = YES;
				CLANG_WARN__DUPLICATE_METHOD_MATCH = YES;
				COPY_PHASE_STRIP = NO;
				DEBUG_INFORMATION_FORMAT = "dwarf-with-dsym";
				ENABLE_NS_ASSERTIONS = NO;
				ENABLE_STRICT_OBJC_MSGSEND = YES;
				GCC_C_LANGUAGE_STANDARD = gnu11;
				GCC_NO_COMMON_BLOCKS = YES;
				GCC_WARN_64_TO_32_BIT_CONVERSION = YES;
				GCC_WARN_ABOUT_RETURN_TYPE = YES_ERROR;
				GCC_WARN_UNDECLARED_SELECTOR = YES;
				GCC_WARN_UNINITIALIZED_AUTOS = YES_AGGRESSIVE;
				GCC_WARN_UNUSED_FUNCTION = YES;
				GCC_WARN_UNUSED_VARIABLE = YES;
				IPHONEOS_DEPLOYMENT_TARGET = 13.1;
				MTL_ENABLE_DEBUG_INFO = NO;
				MTL_FAST_MATH = YES;
				SDKROOT = iphoneos;
				SWIFT_COMPILATION_MODE = wholemodule;
				SWIFT_OPTIMIZATION_LEVEL = "-O";
				VALIDATE_PRODUCT = YES;
			};
			name = Release;
		};
		7E16ED4F239BBCF1005AE736 /* Debug */ = {
			isa = XCBuildConfiguration;
			buildSettings = {
				ASSETCATALOG_COMPILER_APPICON_NAME = AppIcon;
				CODE_SIGN_STYLE = Automatic;
				DEVELOPMENT_TEAM = RL7T47VQK2;
				INFOPLIST_FILE = GrabthonClientApp/Info.plist;
				LD_RUNPATH_SEARCH_PATHS = (
					"$(inherited)",
					"@executable_path/Frameworks",
				);
				PRODUCT_BUNDLE_IDENTIFIER = com.nexengineer.GrabthonClientApp;
				PRODUCT_NAME = "$(TARGET_NAME)";
				SWIFT_VERSION = 5.0;
				TARGETED_DEVICE_FAMILY = "1,2";
			};
			name = Debug;
		};
		7E16ED50239BBCF1005AE736 /* Release */ = {
			isa = XCBuildConfiguration;
			buildSettings = {
				ASSETCATALOG_COMPILER_APPICON_NAME = AppIcon;
				CODE_SIGN_STYLE = Automatic;
				DEVELOPMENT_TEAM = RL7T47VQK2;
				INFOPLIST_FILE = GrabthonClientApp/Info.plist;
				LD_RUNPATH_SEARCH_PATHS = (
					"$(inherited)",
					"@executable_path/Frameworks",
				);
				PRODUCT_BUNDLE_IDENTIFIER = com.nexengineer.GrabthonClientApp;
				PRODUCT_NAME = "$(TARGET_NAME)";
				SWIFT_VERSION = 5.0;
				TARGETED_DEVICE_FAMILY = "1,2";
			};
			name = Release;
		};
/* End XCBuildConfiguration section */

/* Begin XCConfigurationList section */
		7E16ED35239BBCEF005AE736 /* Build configuration list for PBXProject "GrabthonClientApp" */ = {
			isa = XCConfigurationList;
			buildConfigurations = (
				7E16ED4C239BBCF1005AE736 /* Debug */,
				7E16ED4D239BBCF1005AE736 /* Release */,
			);
			defaultConfigurationIsVisible = 0;
			defaultConfigurationName = Release;
		};
		7E16ED4E239BBCF1005AE736 /* Build configuration list for PBXNativeTarget "GrabthonClientApp" */ = {
			isa = XCConfigurationList;
			buildConfigurations = (
				7E16ED4F239BBCF1005AE736 /* Debug */,
				7E16ED50239BBCF1005AE736 /* Release */,
			);
			defaultConfigurationIsVisible = 0;
			defaultConfigurationName = Release;
		};
/* End XCConfigurationList section */
	};
	rootObject = 7E16ED32239BBCEF005AE736 /* Project object */;
}
